{
  "lockfileVersion": 1,
  "configVersion": 0,
  "workspaces": {
    "": {
      "name": "@saullo/sailor",
      "devDependencies": {
        "turbo": "^2.6.1",
      },
    },
    "packages/biomejs": {
      "name": "@sailor/biomejs",
      "dependencies": {
        "@biomejs/biome": "^2.3.5",
      },
    },
  },
  "packages": {
    "@biomejs/biome": [
      "@biomejs/biome@2.3.5",
      "",
      {
        "optionalDependencies": {
          "@biomejs/cli-darwin-arm64": "2.3.5",
          "@biomejs/cli-darwin-x64": "2.3.5",
          "@biomejs/cli-linux-arm64": "2.3.5",
          "@biomejs/cli-linux-arm64-musl": "2.3.5",
          "@biomejs/cli-linux-x64": "2.3.5",
          "@biomejs/cli-linux-x64-musl": "2.3.5",
          "@biomejs/cli-win32-arm64": "2.3.5",
          "@biomejs/cli-win32-x64": "2.3.5"
        },
        "bin": {
          "biome": "bin/biome"
        }
      },
      "sha512-HvLhNlIlBIbAV77VysRIBEwp55oM/QAjQEin74QQX9Xb259/XP/D5AGGnZMOyF1el4zcvlNYYR3AyTMUV3ILhg=="
    ],
    "@biomejs/cli-darwin-arm64": [
      "@biomejs/cli-darwin-arm64@2.3.5",
      "",
      {
        "os": "darwin",
        "cpu": "arm64"
      },
      "sha512-fLdTur8cJU33HxHUUsii3GLx/TR0BsfQx8FkeqIiW33cGMtUD56fAtrh+2Fx1uhiCsVZlFh6iLKUU3pniZREQw=="
    ],
    "@biomejs/cli-darwin-x64": [
      "@biomejs/cli-darwin-x64@2.3.5",
      "",
      {
        "os": "darwin",
        "cpu": "x64"
      },
      "sha512-qpT8XDqeUlzrOW8zb4k3tjhT7rmvVRumhi2657I2aGcY4B+Ft5fNwDdZGACzn8zj7/K1fdWjgwYE3i2mSZ+vOA=="
    ],
    "@biomejs/cli-linux-arm64": [
      "@biomejs/cli-linux-arm64@2.3.5",
      "",
      {
        "os": "linux",
        "cpu": "arm64"
      },
      "sha512-u/pybjTBPGBHB66ku4pK1gj+Dxgx7/+Z0jAriZISPX1ocTO8aHh8x8e7Kb1rB4Ms0nA/SzjtNOVJ4exVavQBCw=="
    ],
    "@biomejs/cli-linux-arm64-musl": [
      "@biomejs/cli-linux-arm64-musl@2.3.5",
      "",
      {
        "os": "linux",
        "cpu": "arm64"
      },
      "sha512-eGUG7+hcLgGnMNl1KHVZUYxahYAhC462jF/wQolqu4qso2MSk32Q+QrpN7eN4jAHAg7FUMIo897muIhK4hXhqg=="
    ],
    "@biomejs/cli-linux-x64": [
      "@biomejs/cli-linux-x64@2.3.5",
      "",
      {
        "os": "linux",
        "cpu": "x64"
      },
      "sha512-XrIVi9YAW6ye0CGQ+yax0gLfx+BFOtKaNX74n+xHWla6Cl6huUmcKNO7HPx7BiKnJUzrxXY1qYlm7xMvi08X4g=="
    ],
    "@biomejs/cli-linux-x64-musl": [
      "@biomejs/cli-linux-x64-musl@2.3.5",
      "",
      {
        "os": "linux",
        "cpu": "x64"
      },
      "sha512-awVuycTPpVTH/+WDVnEEYSf6nbCBHf/4wB3lquwT7puhNg8R4XvonWNZzUsfHZrCkjkLhFH/vCZK5jHatD9FEg=="
    ],
    "@biomejs/cli-win32-arm64": [
      "@biomejs/cli-win32-arm64@2.3.5",
      "",
      {
        "os": "win32",
        "cpu": "arm64"
      },
      "sha512-DlBiMlBZZ9eIq4H7RimDSGsYcOtfOIfZOaI5CqsWiSlbTfqbPVfWtCf92wNzx8GNMbu1s7/g3ZZESr6+GwM/SA=="
    ],
    "@biomejs/cli-win32-x64": [
      "@biomejs/cli-win32-x64@2.3.5",
      "",
      {
        "os": "win32",
        "cpu": "x64"
      },
      "sha512-nUmR8gb6yvrKhtRgzwo/gDimPwnO5a4sCydf8ZS2kHIJhEmSmk+STsusr1LHTuM//wXppBawvSQi2xFXJCdgKQ=="
    ],
    "@sailor/biomejs": [
      "@sailor/biomejs@workspace:packages/biomejs"
    ],
    "turbo": [
      "turbo@2.6.1",
      "",
      {
        "optionalDependencies": {
          "turbo-darwin-64": "2.6.1",
          "turbo-darwin-arm64": "2.6.1",
          "turbo-linux-64": "2.6.1",
          "turbo-linux-arm64": "2.6.1",
          "turbo-windows-64": "2.6.1",
          "turbo-windows-arm64": "2.6.1"
        },
        "bin": {
          "turbo": "bin/turbo"
        }
      },
      "sha512-qBwXXuDT3rA53kbNafGbT5r++BrhRgx3sAo0cHoDAeG9g1ItTmUMgltz3Hy7Hazy1ODqNpR+C7QwqL6DYB52yA=="
    ],
    "turbo-darwin-64": [
      "turbo-darwin-64@2.6.1",
      "",
      {
        "os": "darwin",
        "cpu": "x64"
      },
      "sha512-Dm0HwhyZF4J0uLqkhUyCVJvKM9Rw7M03v3J9A7drHDQW0qAbIGBrUijQ8g4Q9Cciw/BXRRd8Uzkc3oue+qn+ZQ=="
    ],
    "turbo-darwin-arm64": [
      "turbo-darwin-arm64@2.6.1",
      "",
      {
        "os": "darwin",
        "cpu": "arm64"
      },
      "sha512-U0PIPTPyxdLsrC3jN7jaJUwgzX5sVUBsKLO7+6AL+OASaa1NbT1pPdiZoTkblBAALLP76FM0LlnsVQOnmjYhyw=="
    ],
    "turbo-linux-64": [
      "turbo-linux-64@2.6.1",
      "",
      {
        "os": "linux",
        "cpu": "x64"
      },
      "sha512-eM1uLWgzv89bxlK29qwQEr9xYWBhmO/EGiH22UGfq+uXr+QW1OvNKKMogSN65Ry8lElMH4LZh0aX2DEc7eC0Mw=="
    ],
    "turbo-linux-arm64": [
      "turbo-linux-arm64@2.6.1",
      "",
      {
        "os": "linux",
        "cpu": "arm64"
      },
      "sha512-MFFh7AxAQAycXKuZDrbeutfWM5Ep0CEZ9u7zs4Hn2FvOViTCzIfEhmuJou3/a5+q5VX1zTxQrKGy+4Lf5cdpsA=="
    ],
    "turbo-windows-64": [
      "turbo-windows-64@2.6.1",
      "",
      {
        "os": "win32",
        "cpu": "x64"
      },
      "sha512-buq7/VAN7KOjMYi4tSZT5m+jpqyhbRU2EUTTvp6V0Ii8dAkY2tAAjQN1q5q2ByflYWKecbQNTqxmVploE0LVwQ=="
    ],
    "turbo-windows-arm64": [
      "turbo-windows-arm64@2.6.1",
      "",
      {
        "os": "win32",
        "cpu": "arm64"
      },
      "sha512-7w+AD5vJp3R+FB0YOj1YJcNcOOvBior7bcHTodqp90S3x3bLgpr7tE6xOea1e8JkP7GK6ciKVUpQvV7psiwU5Q=="
    ],
  }
}